// !$*UTF8*$!
{
	archiveVersion = 1;
	classes = {
	};
	objectVersion = 48;
	objects = {

/* Begin PBXBuildFile section */
		84365602206EA05500019AE7 /* Image+LabelViewController.m in Sources */ = {isa = PBXBuildFile; fileRef = 84365601206EA05400019AE7 /* Image+LabelViewController.m */; };
		844FB63A2070F0EB00C6346E /* MyCalculationHeightCellViewController.m in Sources */ = {isa = PBXBuildFile; fileRef = 844FB6392070F0EB00C6346E /* MyCalculationHeightCellViewController.m */; };
		84631D4B206D830400E6107A /* TableViewCell.m in Sources */ = {isa = PBXBuildFile; fileRef = 84631D4A206D830400E6107A /* TableViewCell.m */; };
		84631D4E206D86AB00E6107A /* LabelViewController.m in Sources */ = {isa = PBXBuildFile; fileRef = 84631D4D206D86AB00E6107A /* LabelViewController.m */; };
		84FBBFCB206C083100CF416C /* AppDelegate.m in Sources */ = {isa = PBXBuildFile; fileRef = 84FBBFCA206C083100CF416C /* AppDelegate.m */; };
		84FBBFD1206C083100CF416C /* Main.storyboard in Resources */ = {isa = PBXBuildFile; fileRef = 84FBBFCF206C083100CF416C /* Main.storyboard */; };
		84FBBFD3206C083100CF416C /* Assets.xcassets in Resources */ = {isa = PBXBuildFile; fileRef = 84FBBFD2206C083100CF416C /* Assets.xcassets */; };
		84FBBFD6206C083100CF416C /* LaunchScreen.storyboard in Resources */ = {isa = PBXBuildFile; fileRef = 84FBBFD4206C083100CF416C /* LaunchScreen.storyboard */; };
		84FBBFD9206C083100CF416C /* main.m in Sources */ = {isa = PBXBuildFile; fileRef = 84FBBFD8206C083100CF416C /* main.m */; };
		EFB795D3D4541A82247CADA1 /* libPods-Chat quickblox.a in Frameworks */ = {isa = PBXBuildFile; fileRef = AC4EB6B54783839BAA9943D0 /* libPods-Chat quickblox.a */; };
/* End PBXBuildFile section */

/* Begin PBXFileReference section */
		84365600206EA05400019AE7 /* Image+LabelViewController.h */ = {isa = PBXFileReference; lastKnownFileType = sourcecode.c.h; path = "Image+LabelViewController.h"; sourceTree = "<group>"; };
		84365601206EA05400019AE7 /* Image+LabelViewController.m */ = {isa = PBXFileReference; lastKnownFileType = sourcecode.c.objc; path = "Image+LabelViewController.m"; sourceTree = "<group>"; };
		844FB6382070F0EB00C6346E /* MyCalculationHeightCellViewController.h */ = {isa = PBXFileReference; lastKnownFileType = sourcecode.c.h; path = MyCalculationHeightCellViewController.h; sourceTree = "<group>"; };
		844FB6392070F0EB00C6346E /* MyCalculationHeightCellViewController.m */ = {isa = PBXFileReference; lastKnownFileType = sourcecode.c.objc; path = MyCalculationHeightCellViewController.m; sourceTree = "<group>"; };
		84631D49206D830400E6107A /* TableViewCell.h */ = {isa = PBXFileReference; lastKnownFileType = sourcecode.c.h; path = TableViewCell.h; sourceTree = "<group>"; };
		84631D4A206D830400E6107A /* TableViewCell.m */ = {isa = PBXFileReference; lastKnownFileType = sourcecode.c.objc; path = TableViewCell.m; sourceTree = "<group>"; };
		84631D4C206D86AB00E6107A /* LabelViewController.h */ = {isa = PBXFileReference; lastKnownFileType = sourcecode.c.h; path = LabelViewController.h; sourceTree = "<group>"; };
		84631D4D206D86AB00E6107A /* LabelViewController.m */ = {isa = PBXFileReference; lastKnownFileType = sourcecode.c.objc; path = LabelViewController.m; sourceTree = "<group>"; };
		84FBBFC6206C083100CF416C /* Chat quickblox.app */ = {isa = PBXFileReference; explicitFileType = wrapper.application; includeInIndex = 0; path = "Chat quickblox.app"; sourceTree = BUILT_PRODUCTS_DIR; };
		84FBBFC9206C083100CF416C /* AppDelegate.h */ = {isa = PBXFileReference; lastKnownFileType = sourcecode.c.h; path = AppDelegate.h; sourceTree = "<group>"; };
		84FBBFCA206C083100CF416C /* AppDelegate.m */ = {isa = PBXFileReference; lastKnownFileType = sourcecode.c.objc; path = AppDelegate.m; sourceTree = "<group>"; };
		84FBBFD0206C083100CF416C /* Base */ = {isa = PBXFileReference; lastKnownFileType = file.storyboard; name = Base; path = Base.lproj/Main.storyboard; sourceTree = "<group>"; };
		84FBBFD2206C083100CF416C /* Assets.xcassets */ = {isa = PBXFileReference; lastKnownFileType = folder.assetcatalog; path = Assets.xcassets; sourceTree = "<group>"; };
		84FBBFD5206C083100CF416C /* Base */ = {isa = PBXFileReference; lastKnownFileType = file.storyboard; name = Base; path = Base.lproj/LaunchScreen.storyboard; sourceTree = "<group>"; };
		84FBBFD7206C083100CF416C /* Info.plist */ = {isa = PBXFileReference; lastKnownFileType = text.plist.xml; path = Info.plist; sourceTree = "<group>"; };
		84FBBFD8206C083100CF416C /* main.m */ = {isa = PBXFileReference; lastKnownFileType = sourcecode.c.objc; path = main.m; sourceTree = "<group>"; };
		AC4EB6B54783839BAA9943D0 /* libPods-Chat quickblox.a */ = {isa = PBXFileReference; explicitFileType = archive.ar; includeInIndex = 0; path = "libPods-Chat quickblox.a"; sourceTree = BUILT_PRODUCTS_DIR; };
		BB58CA275C6CD8D2914B9433 /* Pods-Chat quickblox.release.xcconfig */ = {isa = PBXFileReference; includeInIndex = 1; lastKnownFileType = text.xcconfig; name = "Pods-Chat quickblox.release.xcconfig"; path = "Pods/Target Support Files/Pods-Chat quickblox/Pods-Chat quickblox.release.xcconfig"; sourceTree = "<group>"; };
		CDE7E6A0ADBEC65752865256 /* Pods-Chat quickblox.debug.xcconfig */ = {isa = PBXFileReference; includeInIndex = 1; lastKnownFileType = text.xcconfig; name = "Pods-Chat quickblox.debug.xcconfig"; path = "Pods/Target Support Files/Pods-Chat quickblox/Pods-Chat quickblox.debug.xcconfig"; sourceTree = "<group>"; };
/* End PBXFileReference section */

/* Begin PBXFrameworksBuildPhase section */
		84FBBFC3206C083100CF416C /* Frameworks */ = {
			isa = PBXFrameworksBuildPhase;
			buildActionMask = 2147483647;
			files = (
				EFB795D3D4541A82247CADA1 /* libPods-Chat quickblox.a in Frameworks */,
			);
			runOnlyForDeploymentPostprocessing = 0;
		};
/* End PBXFrameworksBuildPhase section */

/* Begin PBXGroup section */
		1AA969D5D70372FA6E2979BC /* Frameworks */ = {
			isa = PBXGroup;
			children = (
				AC4EB6B54783839BAA9943D0 /* libPods-Chat quickblox.a */,
			);
			name = Frameworks;
			sourceTree = "<group>";
		};
		331920E0FC2B18D95E55A9A7 /* Pods */ = {
			isa = PBXGroup;
			children = (
				CDE7E6A0ADBEC65752865256 /* Pods-Chat quickblox.debug.xcconfig */,
				BB58CA275C6CD8D2914B9433 /* Pods-Chat quickblox.release.xcconfig */,
			);
			name = Pods;
			sourceTree = "<group>";
		};
		84FBBFBD206C083100CF416C = {
			isa = PBXGroup;
			children = (
				84FBBFC8206C083100CF416C /* Chat quickblox */,
				84FBBFC7206C083100CF416C /* Products */,
				331920E0FC2B18D95E55A9A7 /* Pods */,
				1AA969D5D70372FA6E2979BC /* Frameworks */,
			);
			sourceTree = "<group>";
		};
		84FBBFC7206C083100CF416C /* Products */ = {
			isa = PBXGroup;
			children = (
				84FBBFC6206C083100CF416C /* Chat quickblox.app */,
			);
			name = Products;
			sourceTree = "<group>";
		};
		84FBBFC8206C083100CF416C /* Chat quickblox */ = {
			isa = PBXGroup;
			children = (
				84FBBFC9206C083100CF416C /* AppDelegate.h */,
				84FBBFCA206C083100CF416C /* AppDelegate.m */,
				84631D49206D830400E6107A /* TableViewCell.h */,
				84631D4A206D830400E6107A /* TableViewCell.m */,
				84631D4C206D86AB00E6107A /* LabelViewController.h */,
				84631D4D206D86AB00E6107A /* LabelViewController.m */,
				84365600206EA05400019AE7 /* Image+LabelViewController.h */,
				84365601206EA05400019AE7 /* Image+LabelViewController.m */,
				844FB6382070F0EB00C6346E /* MyCalculationHeightCellViewController.h */,
				844FB6392070F0EB00C6346E /* MyCalculationHeightCellViewController.m */,
				84FBBFCF206C083100CF416C /* Main.storyboard */,
				84FBBFD2206C083100CF416C /* Assets.xcassets */,
				84FBBFD4206C083100CF416C /* LaunchScreen.storyboard */,
				84FBBFD7206C083100CF416C /* Info.plist */,
				84FBBFD8206C083100CF416C /* main.m */,
			);
			path = "Chat quickblox";
			sourceTree = "<group>";
		};
/* End PBXGroup section */

/* Begin PBXNativeTarget section */
		84FBBFC5206C083100CF416C /* Chat quickblox */ = {
			isa = PBXNativeTarget;
			buildConfigurationList = 84FBBFDC206C083100CF416C /* Build configuration list for PBXNativeTarget "Chat quickblox" */;
			buildPhases = (
				FC7209F6DBD6B313C2FD487E /* [CP] Check Pods Manifest.lock */,
				84FBBFC2206C083100CF416C /* Sources */,
				84FBBFC3206C083100CF416C /* Frameworks */,
				84FBBFC4206C083100CF416C /* Resources */,
				671856EDC62F8B056B9F3009 /* [CP] Embed Pods Frameworks */,
				8D7A20C0AF9EF4F28E169882 /* [CP] Copy Pods Resources */,
			);
			buildRules = (
			);
			dependencies = (
			);
			name = "Chat quickblox";
			productName = "Chat quickblox";
			productReference = 84FBBFC6206C083100CF416C /* Chat quickblox.app */;
			productType = "com.apple.product-type.application";
		};
/* End PBXNativeTarget section */

/* Begin PBXProject section */
		84FBBFBE206C083100CF416C /* Project object */ = {
			isa = PBXProject;
			attributes = {
				LastUpgradeCheck = 0920;
				ORGANIZATIONNAME = "Tsvigun Aleksander";
				TargetAttributes = {
					84FBBFC5206C083100CF416C = {
						CreatedOnToolsVersion = 9.2;
						ProvisioningStyle = Automatic;
					};
				};
			};
			buildConfigurationList = 84FBBFC1206C083100CF416C /* Build configuration list for PBXProject "Chat quickblox" */;
			compatibilityVersion = "Xcode 8.0";
			developmentRegion = en;
			hasScannedForEncodings = 0;
			knownRegions = (
				en,
				Base,
			);
			mainGroup = 84FBBFBD206C083100CF416C;
			productRefGroup = 84FBBFC7206C083100CF416C /* Products */;
			projectDirPath = "";
			projectRoot = "";
			targets = (
				84FBBFC5206C083100CF416C /* Chat quickblox */,
			);
		};
/* End PBXProject section */

/* Begin PBXResourcesBuildPhase section */
		84FBBFC4206C083100CF416C /* Resources */ = {
			isa = PBXResourcesBuildPhase;
			buildActionMask = 2147483647;
			files = (
				84FBBFD6206C083100CF416C /* LaunchScreen.storyboard in Resources */,
				84FBBFD3206C083100CF416C /* Assets.xcassets in Resources */,
				84FBBFD1206C083100CF416C /* Main.storyboard in Resources */,
			);
			runOnlyForDeploymentPostprocessing = 0;
		};
/* End PBXResourcesBuildPhase section */

/* Begin PBXShellScriptBuildPhase section */
		671856EDC62F8B056B9F3009 /* [CP] Embed Pods Frameworks */ = {
			isa = PBXShellScriptBuildPhase;
			buildActionMask = 2147483647;
			files = (
			);
			inputPaths = (
				"${SRCROOT}/Pods/Target Support Files/Pods-Chat quickblox/Pods-Chat quickblox-frameworks.sh",
				"${PODS_ROOT}/QuickBlox/Quickblox.framework",
			);
			name = "[CP] Embed Pods Frameworks";
			outputPaths = (
				"${TARGET_BUILD_DIR}/${FRAMEWORKS_FOLDER_PATH}/Quickblox.framework",
			);
			runOnlyForDeploymentPostprocessing = 0;
			shellPath = /bin/sh;
			shellScript = "\"${SRCROOT}/Pods/Target Support Files/Pods-Chat quickblox/Pods-Chat quickblox-frameworks.sh\"\n";
			showEnvVarsInLog = 0;
		};
		8D7A20C0AF9EF4F28E169882 /* [CP] Copy Pods Resources */ = {
			isa = PBXShellScriptBuildPhase;
			buildActionMask = 2147483647;
			files = (
			);
			inputPaths = (
				"${SRCROOT}/Pods/Target Support Files/Pods-Chat quickblox/Pods-Chat quickblox-resources.sh",
				"${PODS_ROOT}/QMChatViewController/QMChatViewController/Icons/Media.xcassets",
				$PODS_CONFIGURATION_BUILD_DIR/QMChatViewController/QMChatViewController.bundle,
				$PODS_CONFIGURATION_BUILD_DIR/QMServices/QMChatCacheModel.bundle,
				$PODS_CONFIGURATION_BUILD_DIR/QMServices/QMContactListCacheModel.bundle,
				$PODS_CONFIGURATION_BUILD_DIR/QMServices/QMUsersCacheModel.bundle,
				$PODS_CONFIGURATION_BUILD_DIR/QMServices/QMOpenGraphCacheModel.bundle,
			);
			name = "[CP] Copy Pods Resources";
			outputPaths = (
				"${TARGET_BUILD_DIR}/${UNLOCALIZED_RESOURCES_FOLDER_PATH}",
			);
			runOnlyForDeploymentPostprocessing = 0;
			shellPath = /bin/sh;
			shellScript = "\"${SRCROOT}/Pods/Target Support Files/Pods-Chat quickblox/Pods-Chat quickblox-resources.sh\"\n";
			showEnvVarsInLog = 0;
		};
		FC7209F6DBD6B313C2FD487E /* [CP] Check Pods Manifest.lock */ = {
			isa = PBXShellScriptBuildPhase;
			buildActionMask = 2147483647;
			files = (
			);
			inputPaths = (
				"${PODS_PODFILE_DIR_PATH}/Podfile.lock",
				"${PODS_ROOT}/Manifest.lock",
			);
			name = "[CP] Check Pods Manifest.lock";
			outputPaths = (
				"$(DERIVED_FILE_DIR)/Pods-Chat quickblox-checkManifestLockResult.txt",
			);
			runOnlyForDeploymentPostprocessing = 0;
			shellPath = /bin/sh;
			shellScript = "diff \"${PODS_PODFILE_DIR_PATH}/Podfile.lock\" \"${PODS_ROOT}/Manifest.lock\" > /dev/null\nif [ $? != 0 ] ; then\n    # print error to STDERR\n    echo \"error: The sandbox is not in sync with the Podfile.lock. Run 'pod install' or update your CocoaPods installation.\" >&2\n    exit 1\nfi\n# This output is used by Xcode 'outputs' to avoid re-running this script phase.\necho \"SUCCESS\" > \"${SCRIPT_OUTPUT_FILE_0}\"\n";
			showEnvVarsInLog = 0;
		};
/* End PBXShellScriptBuildPhase section */

/* Begin PBXSourcesBuildPhase section */
		84FBBFC2206C083100CF416C /* Sources */ = {
			isa = PBXSourcesBuildPhase;
			buildActionMask = 2147483647;
			files = (
				84631D4B206D830400E6107A /* TableViewCell.m in Sources */,
				84365602206EA05500019AE7 /* Image+LabelViewController.m in Sources */,
				84FBBFD9206C083100CF416C /* main.m in Sources */,
				84FBBFCB206C083100CF416C /* AppDelegate.m in Sources */,
				84631D4E206D86AB00E6107A /* LabelViewController.m in Sources */,
				844FB63A2070F0EB00C6346E /* MyCalculationHeightCellViewController.m in Sources */,
			);
			runOnlyForDeploymentPostprocessing = 0;
		};
/* End PBXSourcesBuildPhase section */

/* Begin PBXVariantGroup section */
		84FBBFCF206C083100CF416C /* Main.storyboard */ = {
			isa = PBXVariantGroup;
			children = (
				84FBBFD0206C083100CF416C /* Base */,
			);
			name = Main.storyboard;
			sourceTree = "<group>";
		};
		84FBBFD4206C083100CF416C /* LaunchScreen.storyboard */ = {
			isa = PBXVariantGroup;
			children = (
				84FBBFD5206C083100CF416C /* Base */,
			);
			name = LaunchScreen.storyboard;
			sourceTree = "<group>";
		};
/* End PBXVariantGroup section */

/* Begin XCBuildConfiguration section */
		84FBBFDA206C083100CF416C /* Debug */ = {
			isa = XCBuildConfiguration;
			buildSettings = {
				ALWAYS_SEARCH_USER_PATHS = NO;
				CLANG_ANALYZER_NONNULL = YES;
				CLANG_ANALYZER_NUMBER_OBJECT_CONVERSION = YES_AGGRESSIVE;
				CLANG_CXX_LANGUAGE_STANDARD = "gnu++14";
				CLANG_CXX_LIBRARY = "libc++";
				CLANG_ENABLE_MODULES = YES;
				CLANG_ENABLE_OBJC_ARC = YES;
				CLANG_WARN_BLOCK_CAPTURE_AUTORELEASING = YES;
				CLANG_WARN_BOOL_CONVERSION = YES;
				CLANG_WARN_COMMA = YES;
				CLANG_WARN_CONSTANT_CONVERSION = YES;
				CLANG_WARN_DIRECT_OBJC_ISA_USAGE = YES_ERROR;
				CLANG_WARN_DOCUMENTATION_COMMENTS = YES;
				CLANG_WARN_EMPTY_BODY = YES;
				CLANG_WARN_ENUM_CONVERSION = YES;
				CLANG_WARN_INFINITE_RECURSION = YES;
				CLANG_WARN_INT_CONVERSION = YES;
				CLANG_WARN_NON_LITERAL_NULL_CONVERSION = YES;
				CLANG_WARN_OBJC_LITERAL_CONVERSION = YES;
				CLANG_WARN_OBJC_ROOT_CLASS = YES_ERROR;
				CLANG_WARN_RANGE_LOOP_ANALYSIS = YES;
				CLANG_WARN_STRICT_PROTOTYPES = YES;
				CLANG_WARN_SUSPICIOUS_MOVE = YES;
				CLANG_WARN_UNGUARDED_AVAILABILITY = YES_AGGRESSIVE;
				CLANG_WARN_UNREACHABLE_CODE = YES;
				CLANG_WARN__DUPLICATE_METHOD_MATCH = YES;
				CODE_SIGN_IDENTITY = "iPhone Developer";
				COPY_PHASE_STRIP = NO;
				DEBUG_INFORMATION_FORMAT = dwarf;
				ENABLE_STRICT_OBJC_MSGSEND = YES;
				ENABLE_TESTABILITY = YES;
				GCC_C_LANGUAGE_STANDARD = gnu11;
				GCC_DYNAMIC_NO_PIC = NO;
				GCC_NO_COMMON_BLOCKS = YES;
				GCC_OPTIMIZATION_LEVEL = 0;
				GCC_PREPROCESSOR_DEFINITIONS = (
					"DEBUG=1",
					"$(inherited)",
				);
				GCC_WARN_64_TO_32_BIT_CONVERSION = YES;
				GCC_WARN_ABOUT_RETURN_TYPE = YES_ERROR;
				GCC_WARN_UNDECLARED_SELECTOR = YES;
				GCC_WARN_UNINITIALIZED_AUTOS = YES_AGGRESSIVE;
				GCC_WARN_UNUSED_FUNCTION = YES;
				GCC_WARN_UNUSED_VARIABLE = YES;
				IPHONEOS_DEPLOYMENT_TARGET = 11.2;
				MTL_ENABLE_DEBUG_INFO = YES;
				ONLY_ACTIVE_ARCH = YES;
				SDKROOT = iphoneos;
			};
			name = Debug;
		};
		84FBBFDB206C083100CF416C /* Release */ = {
			isa = XCBuildConfiguration;
			buildSettings = {
				ALWAYS_SEARCH_USER_PATHS = NO;
				CLANG_ANALYZER_NONNULL = YES;
				CLANG_ANALYZER_NUMBER_OBJECT_CONVERSION = YES_AGGRESSIVE;
				CLANG_CXX_LANGUAGE_STANDARD = "gnu++14";
				CLANG_CXX_LIBRARY = "libc++";
				CLANG_ENABLE_MODULES = YES;
				CLANG_ENABLE_OBJC_ARC = YES;
				CLANG_WARN_BLOCK_CAPTURE_AUTORELEASING = YES;
				CLANG_WARN_BOOL_CONVERSION = YES;
				CLANG_WARN_COMMA = YES;
				CLANG_WARN_CONSTANT_CONVERSION = YES;
				CLANG_WARN_DIRECT_OBJC_ISA_USAGE = YES_ERROR;
				CLANG_WARN_DOCUMENTATION_COMMENTS = YES;
				CLANG_WARN_EMPTY_BODY = YES;
				CLANG_WARN_ENUM_CONVERSION = YES;
				CLANG_WARN_INFINITE_RECURSION = YES;
				CLANG_WARN_INT_CONVERSION = YES;
				CLANG_WARN_NON_LITERAL_NULL_CONVERSION = YES;
				CLANG_WARN_OBJC_LITERAL_CONVERSION = YES;
				CLANG_WARN_OBJC_ROOT_CLASS = YES_ERROR;
				CLANG_WARN_RANGE_LOOP_ANALYSIS = YES;
				CLANG_WARN_STRICT_PROTOTYPES = YES;
				CLANG_WARN_SUSPICIOUS_MOVE = YES;
				CLANG_WARN_UNGUARDED_AVAILABILITY = YES_AGGRESSIVE;
				CLANG_WARN_UNREACHABLE_CODE = YES;
				CLANG_WARN__DUPLICATE_METHOD_MATCH = YES;
				CODE_SIGN_IDENTITY = "iPhone Developer";
				COPY_PHASE_STRIP = NO;
				DEBUG_INFORMATION_FORMAT = "dwarf-with-dsym";
				ENABLE_NS_ASSERTIONS = NO;
				ENABLE_STRICT_OBJC_MSGSEND = YES;
				GCC_C_LANGUAGE_STANDARD = gnu11;
				GCC_NO_COMMON_BLOCKS = YES;
				GCC_WARN_64_TO_32_BIT_CONVERSION = YES;
				GCC_WARN_ABOUT_RETURN_TYPE = YES_ERROR;
				GCC_WARN_UNDECLARED_SELECTOR = YES;
				GCC_WARN_UNINITIALIZED_AUTOS = YES_AGGRESSIVE;
				GCC_WARN_UNUSED_FUNCTION = YES;
				GCC_WARN_UNUSED_VARIABLE = YES;
				IPHONEOS_DEPLOYMENT_TARGET = 11.2;
				MTL_ENABLE_DEBUG_INFO = NO;
				SDKROOT = iphoneos;
				VALIDATE_PRODUCT = YES;
			};
			name = Release;
		};
		84FBBFDD206C083100CF416C /* Debug */ = {
			isa = XCBuildConfiguration;
			baseConfigurationReference = CDE7E6A0ADBEC65752865256 /* Pods-Chat quickblox.debug.xcconfig */;
			buildSettings = {
				ASSETCATALOG_COMPILER_APPICON_NAME = AppIcon;
				CODE_SIGN_IDENTITY = "";
				"CODE_SIGN_IDENTITY[sdk=iphoneos*]" = "iPhone Developer";
				CODE_SIGN_STYLE = Automatic;
				DEVELOPMENT_TEAM = WPLYGF2XGB;
				FRAMEWORK_SEARCH_PATHS = (
					"$(inherited)",
					"$(PODS_ROOT)/QuickBlox/",
					"\"${PODS_ROOT}/QuickBlox\"",
					"\"$(SRCROOT)/Vendor/QMServices/Frameworks\"",
				);
				HEADER_SEARCH_PATHS = (
					/usr/include/libxml2,
					"$(inherited)",
					"\"${PODS_ROOT}/Headers/Public\"",
					"\"${PODS_ROOT}/Headers/Public/Bolts\"",
					"\"${PODS_ROOT}/Headers/Public/FFCircularProgressView\"",
					"\"${PODS_ROOT}/Headers/Public/QMChatViewController\"",
					"\"${PODS_ROOT}/Headers/Public/QMServices\"",
					"\"${PODS_ROOT}/Headers/Public/QuickBlox\"",
					"\"${PODS_ROOT}/Headers/Public/SDWebImage\"",
					"\"${PODS_ROOT}/Headers/Public/TTTAttributedLabel\"",
					"\"$(SRCROOT)/Vendor/QMServices\"/**",
				);
				INFOPLIST_FILE = "Chat quickblox/Info.plist";
				IPHONEOS_DEPLOYMENT_TARGET = 10.0;
				LD_RUNPATH_SEARCH_PATHS = "$(inherited) @executable_path/Frameworks";
				PRODUCT_BUNDLE_IDENTIFIER = "project.Chat-quickblox";
				PRODUCT_NAME = "$(TARGET_NAME)";
				PROVISIONING_PROFILE_SPECIFIER = "";
				TARGETED_DEVICE_FAMILY = "1,2";
			};
			name = Debug;
		};
		84FBBFDE206C083100CF416C /* Release */ = {
			isa = XCBuildConfiguration;
			baseConfigurationReference = BB58CA275C6CD8D2914B9433 /* Pods-Chat quickblox.release.xcconfig */;
			buildSettings = {
				ASSETCATALOG_COMPILER_APPICON_NAME = AppIcon;
				CODE_SIGN_IDENTITY = "";
				"CODE_SIGN_IDENTITY[sdk=iphoneos*]" = "iPhone Developer";
				CODE_SIGN_STYLE = Automatic;
				DEVELOPMENT_TEAM = WPLYGF2XGB;
				FRAMEWORK_SEARCH_PATHS = (
					"$(inherited)",
					"$(PODS_ROOT)/QuickBlox/",
					"\"${PODS_ROOT}/QuickBlox\"",
					"\"$(SRCROOT)/Vendor/QMServices/Frameworks\"",
				);
				HEADER_SEARCH_PATHS = (
					/usr/include/libxml2,
					"$(inherited)",
					"\"${PODS_ROOT}/Headers/Public\"",
					"\"${PODS_ROOT}/Headers/Public/Bolts\"",
					"\"${PODS_ROOT}/Headers/Public/FFCircularProgressView\"",
					"\"${PODS_ROOT}/Headers/Public/QMChatViewController\"",
					"\"${PODS_ROOT}/Headers/Public/QMServices\"",
					"\"${PODS_ROOT}/Headers/Public/QuickBlox\"",
					"\"${PODS_ROOT}/Headers/Public/SDWebImage\"",
					"\"${PODS_ROOT}/Headers/Public/TTTAttributedLabel\"",
					"\"$(SRCROOT)/Vendor/QMServices\"/**",
				);
				INFOPLIST_FILE = "Chat quickblox/Info.plist";
				IPHONEOS_DEPLOYMENT_TARGET = 10.0;
				LD_RUNPATH_SEARCH_PATHS = "$(inherited) @executable_path/Frameworks";
				PRODUCT_BUNDLE_IDENTIFIER = "project.Chat-quickblox";
				PRODUCT_NAME = "$(TARGET_NAME)";
				PROVISIONING_PROFILE_SPECIFIER = "";
				TARGETED_DEVICE_FAMILY = "1,2";
			};
			name = Release;
		};
/* End XCBuildConfiguration section */

/* Begin XCConfigurationList section */
		84FBBFC1206C083100CF416C /* Build configuration list for PBXProject "Chat quickblox" */ = {
			isa = XCConfigurationList;
			buildConfigurations = (
				84FBBFDA206C083100CF416C /* Debug */,
				84FBBFDB206C083100CF416C /* Release */,
			);
			defaultConfigurationIsVisible = 0;
			defaultConfigurationName = Release;
		};
		84FBBFDC206C083100CF416C /* Build configuration list for PBXNativeTarget "Chat quickblox" */ = {
			isa = XCConfigurationList;
			buildConfigurations = (
				84FBBFDD206C083100CF416C /* Debug */,
				84FBBFDE206C083100CF416C /* Release */,
			);
			defaultConfigurationIsVisible = 0;
			defaultConfigurationName = Release;
		};
/* End XCConfigurationList section */
	};
	rootObject = 84FBBFBE206C083100CF416C /* Project object */;
}
